// !$*UTF8*$!
{
	archiveVersion = 1;
	classes = {
	};
	objectVersion = 50;
	objects = {

/* Begin PBXBuildFile section */
		6349C73724D2A7D000D4A30A /* ProfilePopUpViewController.swift in Sources */ = {isa = PBXBuildFile; fileRef = 6349C73624D2A7D000D4A30A /* ProfilePopUpViewController.swift */; };
		6349C73924D2A82900D4A30A /* SignInViewController.swift in Sources */ = {isa = PBXBuildFile; fileRef = 6349C73824D2A82900D4A30A /* SignInViewController.swift */; };
		6349C73B24D2A85600D4A30A /* SignUpViewController.swift in Sources */ = {isa = PBXBuildFile; fileRef = 6349C73A24D2A85600D4A30A /* SignUpViewController.swift */; };
		6349C73D24D2A88200D4A30A /* AppLogoViewController.swift in Sources */ = {isa = PBXBuildFile; fileRef = 6349C73C24D2A88200D4A30A /* AppLogoViewController.swift */; };
		6349C73F24D2C26900D4A30A /* OOTDPopUpViewController.swift in Sources */ = {isa = PBXBuildFile; fileRef = 6349C73E24D2C26900D4A30A /* OOTDPopUpViewController.swift */; };
		6349C74524D34A3100D4A30A /* AddViewController.swift in Sources */ = {isa = PBXBuildFile; fileRef = 6349C74424D34A3100D4A30A /* AddViewController.swift */; };
		6349C74724D34A5D00D4A30A /* ExploreViewController.swift in Sources */ = {isa = PBXBuildFile; fileRef = 6349C74624D34A5D00D4A30A /* ExploreViewController.swift */; };
		6349C74924D34A7900D4A30A /* SearchViewController.swift in Sources */ = {isa = PBXBuildFile; fileRef = 6349C74824D34A7900D4A30A /* SearchViewController.swift */; };
		6349C74B24D34AC900D4A30A /* MessageViewController.swift in Sources */ = {isa = PBXBuildFile; fileRef = 6349C74A24D34AC900D4A30A /* MessageViewController.swift */; };
		6349C74D24D34B1700D4A30A /* MeViewController.swift in Sources */ = {isa = PBXBuildFile; fileRef = 6349C74C24D34B1700D4A30A /* MeViewController.swift */; };
		932D879F24D1F548008BDF21 /* AppDelegate.swift in Sources */ = {isa = PBXBuildFile; fileRef = 932D879E24D1F548008BDF21 /* AppDelegate.swift */; };
		932D87A124D1F548008BDF21 /* SceneDelegate.swift in Sources */ = {isa = PBXBuildFile; fileRef = 932D87A024D1F548008BDF21 /* SceneDelegate.swift */; };
		932D87A324D1F548008BDF21 /* FirstViewController.swift in Sources */ = {isa = PBXBuildFile; fileRef = 932D87A224D1F548008BDF21 /* FirstViewController.swift */; };
		932D87A524D1F548008BDF21 /* SecondViewController.swift in Sources */ = {isa = PBXBuildFile; fileRef = 932D87A424D1F548008BDF21 /* SecondViewController.swift */; };
		932D87A824D1F548008BDF21 /* Main.storyboard in Resources */ = {isa = PBXBuildFile; fileRef = 932D87A624D1F548008BDF21 /* Main.storyboard */; };
		932D87AB24D1F548008BDF21 /* Affinity_App.xcdatamodeld in Sources */ = {isa = PBXBuildFile; fileRef = 932D87A924D1F548008BDF21 /* Affinity_App.xcdatamodeld */; };
		932D87AD24D1F550008BDF21 /* Assets.xcassets in Resources */ = {isa = PBXBuildFile; fileRef = 932D87AC24D1F550008BDF21 /* Assets.xcassets */; };
		932D87B024D1F550008BDF21 /* LaunchScreen.storyboard in Resources */ = {isa = PBXBuildFile; fileRef = 932D87AE24D1F550008BDF21 /* LaunchScreen.storyboard */; };
		93B2DF0224D33D2E00FD5E55 /* SummerQuestionController.swift in Sources */ = {isa = PBXBuildFile; fileRef = 93B2DF0124D33D2E00FD5E55 /* SummerQuestionController.swift */; };
		93B2DF0424D33D5600FD5E55 /* FallQuestionController.swift in Sources */ = {isa = PBXBuildFile; fileRef = 93B2DF0324D33D5600FD5E55 /* FallQuestionController.swift */; };
		93B2DF0624D33D6E00FD5E55 /* SpringQuestionController.swift in Sources */ = {isa = PBXBuildFile; fileRef = 93B2DF0524D33D6E00FD5E55 /* SpringQuestionController.swift */; };
		93B2DF0A24D3735600FD5E55 /* WinterQuestionController.swift in Sources */ = {isa = PBXBuildFile; fileRef = 93B2DF0924D3735600FD5E55 /* WinterQuestionController.swift */; };
/* End PBXBuildFile section */

/* Begin PBXFileReference section */
		6349C73624D2A7D000D4A30A /* ProfilePopUpViewController.swift */ = {isa = PBXFileReference; lastKnownFileType = sourcecode.swift; path = ProfilePopUpViewController.swift; sourceTree = "<group>"; };
		6349C73824D2A82900D4A30A /* SignInViewController.swift */ = {isa = PBXFileReference; lastKnownFileType = sourcecode.swift; path = SignInViewController.swift; sourceTree = "<group>"; };
		6349C73A24D2A85600D4A30A /* SignUpViewController.swift */ = {isa = PBXFileReference; lastKnownFileType = sourcecode.swift; path = SignUpViewController.swift; sourceTree = "<group>"; };
		6349C73C24D2A88200D4A30A /* AppLogoViewController.swift */ = {isa = PBXFileReference; lastKnownFileType = sourcecode.swift; path = AppLogoViewController.swift; sourceTree = "<group>"; };
		6349C73E24D2C26900D4A30A /* OOTDPopUpViewController.swift */ = {isa = PBXFileReference; lastKnownFileType = sourcecode.swift; path = OOTDPopUpViewController.swift; sourceTree = "<group>"; };
		6349C74424D34A3100D4A30A /* AddViewController.swift */ = {isa = PBXFileReference; lastKnownFileType = sourcecode.swift; path = AddViewController.swift; sourceTree = "<group>"; };
		6349C74624D34A5D00D4A30A /* ExploreViewController.swift */ = {isa = PBXFileReference; lastKnownFileType = sourcecode.swift; path = ExploreViewController.swift; sourceTree = "<group>"; };
		6349C74824D34A7900D4A30A /* SearchViewController.swift */ = {isa = PBXFileReference; lastKnownFileType = sourcecode.swift; path = SearchViewController.swift; sourceTree = "<group>"; };
		6349C74A24D34AC900D4A30A /* MessageViewController.swift */ = {isa = PBXFileReference; lastKnownFileType = sourcecode.swift; path = MessageViewController.swift; sourceTree = "<group>"; };
		6349C74C24D34B1700D4A30A /* MeViewController.swift */ = {isa = PBXFileReference; lastKnownFileType = sourcecode.swift; path = MeViewController.swift; sourceTree = "<group>"; };
		932D879B24D1F548008BDF21 /* Affinity_App.app */ = {isa = PBXFileReference; explicitFileType = wrapper.application; includeInIndex = 0; path = Affinity_App.app; sourceTree = BUILT_PRODUCTS_DIR; };
		932D879E24D1F548008BDF21 /* AppDelegate.swift */ = {isa = PBXFileReference; lastKnownFileType = sourcecode.swift; path = AppDelegate.swift; sourceTree = "<group>"; };
		932D87A024D1F548008BDF21 /* SceneDelegate.swift */ = {isa = PBXFileReference; lastKnownFileType = sourcecode.swift; path = SceneDelegate.swift; sourceTree = "<group>"; };
		932D87A224D1F548008BDF21 /* FirstViewController.swift */ = {isa = PBXFileReference; lastKnownFileType = sourcecode.swift; path = FirstViewController.swift; sourceTree = "<group>"; };
		932D87A424D1F548008BDF21 /* SecondViewController.swift */ = {isa = PBXFileReference; lastKnownFileType = sourcecode.swift; path = SecondViewController.swift; sourceTree = "<group>"; };
		932D87A724D1F548008BDF21 /* Base */ = {isa = PBXFileReference; lastKnownFileType = file.storyboard; name = Base; path = Base.lproj/Main.storyboard; sourceTree = "<group>"; };
		932D87AA24D1F548008BDF21 /* Affinity_App.xcdatamodel */ = {isa = PBXFileReference; lastKnownFileType = wrapper.xcdatamodel; path = Affinity_App.xcdatamodel; sourceTree = "<group>"; };
		932D87AC24D1F550008BDF21 /* Assets.xcassets */ = {isa = PBXFileReference; lastKnownFileType = folder.assetcatalog; path = Assets.xcassets; sourceTree = "<group>"; };
		932D87AF24D1F550008BDF21 /* Base */ = {isa = PBXFileReference; lastKnownFileType = file.storyboard; name = Base; path = Base.lproj/LaunchScreen.storyboard; sourceTree = "<group>"; };
		932D87B124D1F550008BDF21 /* Info.plist */ = {isa = PBXFileReference; lastKnownFileType = text.plist.xml; path = Info.plist; sourceTree = "<group>"; };
		93B2DF0124D33D2E00FD5E55 /* SummerQuestionController.swift */ = {isa = PBXFileReference; lastKnownFileType = sourcecode.swift; path = SummerQuestionController.swift; sourceTree = "<group>"; };
		93B2DF0324D33D5600FD5E55 /* FallQuestionController.swift */ = {isa = PBXFileReference; lastKnownFileType = sourcecode.swift; path = FallQuestionController.swift; sourceTree = "<group>"; };
		93B2DF0524D33D6E00FD5E55 /* SpringQuestionController.swift */ = {isa = PBXFileReference; lastKnownFileType = sourcecode.swift; path = SpringQuestionController.swift; sourceTree = "<group>"; };
		93B2DF0924D3735600FD5E55 /* WinterQuestionController.swift */ = {isa = PBXFileReference; fileEncoding = 4; lastKnownFileType = sourcecode.swift; path = WinterQuestionController.swift; sourceTree = "<group>"; };
/* End PBXFileReference section */

/* Begin PBXFrameworksBuildPhase section */
		932D879824D1F548008BDF21 /* Frameworks */ = {
			isa = PBXFrameworksBuildPhase;
			buildActionMask = 2147483647;
			files = (
			);
			runOnlyForDeploymentPostprocessing = 0;
		};
/* End PBXFrameworksBuildPhase section */

/* Begin PBXGroup section */
		932D879224D1F548008BDF21 = {
			isa = PBXGroup;
			children = (
				932D879D24D1F548008BDF21 /* Affinity_App */,
				932D879C24D1F548008BDF21 /* Products */,
			);
			sourceTree = "<group>";
		};
		932D879C24D1F548008BDF21 /* Products */ = {
			isa = PBXGroup;
			children = (
				932D879B24D1F548008BDF21 /* Affinity_App.app */,
			);
			name = Products;
			sourceTree = "<group>";
		};
		932D879D24D1F548008BDF21 /* Affinity_App */ = {
			isa = PBXGroup;
			children = (
				93B2DF0924D3735600FD5E55 /* WinterQuestionController.swift */,
				932D879E24D1F548008BDF21 /* AppDelegate.swift */,
				932D87A024D1F548008BDF21 /* SceneDelegate.swift */,
				932D87A224D1F548008BDF21 /* FirstViewController.swift */,
				932D87A424D1F548008BDF21 /* SecondViewController.swift */,
				932D87A624D1F548008BDF21 /* Main.storyboard */,
				6349C73E24D2C26900D4A30A /* OOTDPopUpViewController.swift */,
				6349C74424D34A3100D4A30A /* AddViewController.swift */,
				6349C74624D34A5D00D4A30A /* ExploreViewController.swift */,
				6349C74824D34A7900D4A30A /* SearchViewController.swift */,
				6349C74A24D34AC900D4A30A /* MessageViewController.swift */,
				6349C74C24D34B1700D4A30A /* MeViewController.swift */,
				6349C73624D2A7D000D4A30A /* ProfilePopUpViewController.swift */,
				6349C73824D2A82900D4A30A /* SignInViewController.swift */,
				6349C73A24D2A85600D4A30A /* SignUpViewController.swift */,
				93B2DF0124D33D2E00FD5E55 /* SummerQuestionController.swift */,
				93B2DF0324D33D5600FD5E55 /* FallQuestionController.swift */,
				93B2DF0524D33D6E00FD5E55 /* SpringQuestionController.swift */,
				6349C73C24D2A88200D4A30A /* AppLogoViewController.swift */,
				932D87AC24D1F550008BDF21 /* Assets.xcassets */,
				932D87AE24D1F550008BDF21 /* LaunchScreen.storyboard */,
				932D87B124D1F550008BDF21 /* Info.plist */,
				932D87A924D1F548008BDF21 /* Affinity_App.xcdatamodeld */,
			);
			path = Affinity_App;
			sourceTree = "<group>";
		};
/* End PBXGroup section */

/* Begin PBXNativeTarget section */
		932D879A24D1F548008BDF21 /* Affinity_App */ = {
			isa = PBXNativeTarget;
			buildConfigurationList = 932D87B424D1F550008BDF21 /* Build configuration list for PBXNativeTarget "Affinity_App" */;
			buildPhases = (
				932D879724D1F548008BDF21 /* Sources */,
				932D879824D1F548008BDF21 /* Frameworks */,
				932D879924D1F548008BDF21 /* Resources */,
			);
			buildRules = (
			);
			dependencies = (
			);
			name = Affinity_App;
			productName = Affinity_App;
			productReference = 932D879B24D1F548008BDF21 /* Affinity_App.app */;
			productType = "com.apple.product-type.application";
		};
/* End PBXNativeTarget section */

/* Begin PBXProject section */
		932D879324D1F548008BDF21 /* Project object */ = {
			isa = PBXProject;
			attributes = {
				LastSwiftUpdateCheck = 1150;
				LastUpgradeCheck = 1150;
				ORGANIZATIONNAME = "Cinta Adhiningrat";
				TargetAttributes = {
					932D879A24D1F548008BDF21 = {
						CreatedOnToolsVersion = 11.5;
					};
				};
			};
			buildConfigurationList = 932D879624D1F548008BDF21 /* Build configuration list for PBXProject "Affinity_App" */;
			compatibilityVersion = "Xcode 9.3";
			developmentRegion = en;
			hasScannedForEncodings = 0;
			knownRegions = (
				en,
				Base,
			);
			mainGroup = 932D879224D1F548008BDF21;
			productRefGroup = 932D879C24D1F548008BDF21 /* Products */;
			projectDirPath = "";
			projectRoot = "";
			targets = (
				932D879A24D1F548008BDF21 /* Affinity_App */,
			);
		};
/* End PBXProject section */

/* Begin PBXResourcesBuildPhase section */
		932D879924D1F548008BDF21 /* Resources */ = {
			isa = PBXResourcesBuildPhase;
			buildActionMask = 2147483647;
			files = (
				932D87B024D1F550008BDF21 /* LaunchScreen.storyboard in Resources */,
				932D87AD24D1F550008BDF21 /* Assets.xcassets in Resources */,
				932D87A824D1F548008BDF21 /* Main.storyboard in Resources */,
			);
			runOnlyForDeploymentPostprocessing = 0;
		};
/* End PBXResourcesBuildPhase section */

/* Begin PBXSourcesBuildPhase section */
		932D879724D1F548008BDF21 /* Sources */ = {
			isa = PBXSourcesBuildPhase;
			buildActionMask = 2147483647;
			files = (
				6349C73924D2A82900D4A30A /* SignInViewController.swift in Sources */,
				93B2DF0224D33D2E00FD5E55 /* SummerQuestionController.swift in Sources */,
				932D87AB24D1F548008BDF21 /* Affinity_App.xcdatamodeld in Sources */,
				6349C74924D34A7900D4A30A /* SearchViewController.swift in Sources */,
				6349C73B24D2A85600D4A30A /* SignUpViewController.swift in Sources */,
				932D87A524D1F548008BDF21 /* SecondViewController.swift in Sources */,
				6349C74524D34A3100D4A30A /* AddViewController.swift in Sources */,
				932D87A324D1F548008BDF21 /* FirstViewController.swift in Sources */,
				93B2DF0624D33D6E00FD5E55 /* SpringQuestionController.swift in Sources */,
				6349C73D24D2A88200D4A30A /* AppLogoViewController.swift in Sources */,
				932D879F24D1F548008BDF21 /* AppDelegate.swift in Sources */,
				93B2DF0A24D3735600FD5E55 /* WinterQuestionController.swift in Sources */,
				6349C74B24D34AC900D4A30A /* MessageViewController.swift in Sources */,
				6349C74D24D34B1700D4A30A /* MeViewController.swift in Sources */,
				6349C73F24D2C26900D4A30A /* OOTDPopUpViewController.swift in Sources */,
				6349C74724D34A5D00D4A30A /* ExploreViewController.swift in Sources */,
				6349C73724D2A7D000D4A30A /* ProfilePopUpViewController.swift in Sources */,
				932D87A124D1F548008BDF21 /* SceneDelegate.swift in Sources */,
				93B2DF0424D33D5600FD5E55 /* FallQuestionController.swift in Sources */,
			);
			runOnlyForDeploymentPostprocessing = 0;
		};
/* End PBXSourcesBuildPhase section */

/* Begin PBXVariantGroup section */
		932D87A624D1F548008BDF21 /* Main.storyboard */ = {
			isa = PBXVariantGroup;
			children = (
				932D87A724D1F548008BDF21 /* Base */,
			);
			name = Main.storyboard;
			sourceTree = "<group>";
		};
		932D87AE24D1F550008BDF21 /* LaunchScreen.storyboard */ = {
			isa = PBXVariantGroup;
			children = (
				932D87AF24D1F550008BDF21 /* Base */,
			);
			name = LaunchScreen.storyboard;
			sourceTree = "<group>";
		};
/* End PBXVariantGroup section */

/* Begin XCBuildConfiguration section */
		932D87B224D1F550008BDF21 /* Debug */ = {
			isa = XCBuildConfiguration;
			buildSettings = {
				ALWAYS_SEARCH_USER_PATHS = NO;
				CLANG_ANALYZER_NONNULL = YES;
				CLANG_ANALYZER_NUMBER_OBJECT_CONVERSION = YES_AGGRESSIVE;
				CLANG_CXX_LANGUAGE_STANDARD = "gnu++14";
				CLANG_CXX_LIBRARY = "libc++";
				CLANG_ENABLE_MODULES = YES;
				CLANG_ENABLE_OBJC_ARC = YES;
				CLANG_ENABLE_OBJC_WEAK = YES;
				CLANG_WARN_BLOCK_CAPTURE_AUTORELEASING = YES;
				CLANG_WARN_BOOL_CONVERSION = YES;
				CLANG_WARN_COMMA = YES;
				CLANG_WARN_CONSTANT_CONVERSION = YES;
				CLANG_WARN_DEPRECATED_OBJC_IMPLEMENTATIONS = YES;
				CLANG_WARN_DIRECT_OBJC_ISA_USAGE = YES_ERROR;
				CLANG_WARN_DOCUMENTATION_COMMENTS = YES;
				CLANG_WARN_EMPTY_BODY = YES;
				CLANG_WARN_ENUM_CONVERSION = YES;
				CLANG_WARN_INFINITE_RECURSION = YES;
				CLANG_WARN_INT_CONVERSION = YES;
				CLANG_WARN_NON_LITERAL_NULL_CONVERSION = YES;
				CLANG_WARN_OBJC_IMPLICIT_RETAIN_SELF = YES;
				CLANG_WARN_OBJC_LITERAL_CONVERSION = YES;
				CLANG_WARN_OBJC_ROOT_CLASS = YES_ERROR;
				CLANG_WARN_RANGE_LOOP_ANALYSIS = YES;
				CLANG_WARN_STRICT_PROTOTYPES = YES;
				CLANG_WARN_SUSPICIOUS_MOVE = YES;
				CLANG_WARN_UNGUARDED_AVAILABILITY = YES_AGGRESSIVE;
				CLANG_WARN_UNREACHABLE_CODE = YES;
				CLANG_WARN__DUPLICATE_METHOD_MATCH = YES;
				COPY_PHASE_STRIP = NO;
				DEBUG_INFORMATION_FORMAT = dwarf;
				ENABLE_STRICT_OBJC_MSGSEND = YES;
				ENABLE_TESTABILITY = YES;
				GCC_C_LANGUAGE_STANDARD = gnu11;
				GCC_DYNAMIC_NO_PIC = NO;
				GCC_NO_COMMON_BLOCKS = YES;
				GCC_OPTIMIZATION_LEVEL = 0;
				GCC_PREPROCESSOR_DEFINITIONS = (
					"DEBUG=1",
					"$(inherited)",
				);
				GCC_WARN_64_TO_32_BIT_CONVERSION = YES;
				GCC_WARN_ABOUT_RETURN_TYPE = YES_ERROR;
				GCC_WARN_UNDECLARED_SELECTOR = YES;
				GCC_WARN_UNINITIALIZED_AUTOS = YES_AGGRESSIVE;
				GCC_WARN_UNUSED_FUNCTION = YES;
				GCC_WARN_UNUSED_VARIABLE = YES;
				IPHONEOS_DEPLOYMENT_TARGET = 13.5;
				MTL_ENABLE_DEBUG_INFO = INCLUDE_SOURCE;
				MTL_FAST_MATH = YES;
				ONLY_ACTIVE_ARCH = YES;
				SDKROOT = iphoneos;
				SWIFT_ACTIVE_COMPILATION_CONDITIONS = DEBUG;
				SWIFT_OPTIMIZATION_LEVEL = "-Onone";
			};
			name = Debug;
		};
		932D87B324D1F550008BDF21 /* Release */ = {
			isa = XCBuildConfiguration;
			buildSettings = {
				ALWAYS_SEARCH_USER_PATHS = NO;
				CLANG_ANALYZER_NONNULL = YES;
				CLANG_ANALYZER_NUMBER_OBJECT_CONVERSION = YES_AGGRESSIVE;
				CLANG_CXX_LANGUAGE_STANDARD = "gnu++14";
				CLANG_CXX_LIBRARY = "libc++";
				CLANG_ENABLE_MODULES = YES;
				CLANG_ENABLE_OBJC_ARC = YES;
				CLANG_ENABLE_OBJC_WEAK = YES;
				CLANG_WARN_BLOCK_CAPTURE_AUTORELEASING = YES;
				CLANG_WARN_BOOL_CONVERSION = YES;
				CLANG_WARN_COMMA = YES;
				CLANG_WARN_CONSTANT_CONVERSION = YES;
				CLANG_WARN_DEPRECATED_OBJC_IMPLEMENTATIONS = YES;
				CLANG_WARN_DIRECT_OBJC_ISA_USAGE = YES_ERROR;
				CLANG_WARN_DOCUMENTATION_COMMENTS = YES;
				CLANG_WARN_EMPTY_BODY = YES;
				CLANG_WARN_ENUM_CONVERSION = YES;
				CLANG_WARN_INFINITE_RECURSION = YES;
				CLANG_WARN_INT_CONVERSION = YES;
				CLANG_WARN_NON_LITERAL_NULL_CONVERSION = YES;
				CLANG_WARN_OBJC_IMPLICIT_RETAIN_SELF = YES;
				CLANG_WARN_OBJC_LITERAL_CONVERSION = YES;
				CLANG_WARN_OBJC_ROOT_CLASS = YES_ERROR;
				CLANG_WARN_RANGE_LOOP_ANALYSIS = YES;
				CLANG_WARN_STRICT_PROTOTYPES = YES;
				CLANG_WARN_SUSPICIOUS_MOVE = YES;
				CLANG_WARN_UNGUARDED_AVAILABILITY = YES_AGGRESSIVE;
				CLANG_WARN_UNREACHABLE_CODE = YES;
				CLANG_WARN__DUPLICATE_METHOD_MATCH = YES;
				COPY_PHASE_STRIP = NO;
				DEBUG_INFORMATION_FORMAT = "dwarf-with-dsym";
				ENABLE_NS_ASSERTIONS = NO;
				ENABLE_STRICT_OBJC_MSGSEND = YES;
				GCC_C_LANGUAGE_STANDARD = gnu11;
				GCC_NO_COMMON_BLOCKS = YES;
				GCC_WARN_64_TO_32_BIT_CONVERSION = YES;
				GCC_WARN_ABOUT_RETURN_TYPE = YES_ERROR;
				GCC_WARN_UNDECLARED_SELECTOR = YES;
				GCC_WARN_UNINITIALIZED_AUTOS = YES_AGGRESSIVE;
				GCC_WARN_UNUSED_FUNCTION = YES;
				GCC_WARN_UNUSED_VARIABLE = YES;
				IPHONEOS_DEPLOYMENT_TARGET = 13.5;
				MTL_ENABLE_DEBUG_INFO = NO;
				MTL_FAST_MATH = YES;
				SDKROOT = iphoneos;
				SWIFT_COMPILATION_MODE = wholemodule;
				SWIFT_OPTIMIZATION_LEVEL = "-O";
				VALIDATE_PRODUCT = YES;
			};
			name = Release;
		};
		932D87B524D1F550008BDF21 /* Debug */ = {
			isa = XCBuildConfiguration;
			buildSettings = {
				ASSETCATALOG_COMPILER_APPICON_NAME = AppIcon;
				CODE_SIGN_STYLE = Automatic;
				INFOPLIST_FILE = Affinity_App/Info.plist;
				IPHONEOS_DEPLOYMENT_TARGET = 13.5;
				LD_RUNPATH_SEARCH_PATHS = (
					"$(inherited)",
					"@executable_path/Frameworks",
				);
				PRODUCT_BUNDLE_IDENTIFIER = "KWK.Affinity-App";
				PRODUCT_NAME = "$(TARGET_NAME)";
				SWIFT_VERSION = 5.0;
				TARGETED_DEVICE_FAMILY = "1,2";
			};
			name = Debug;
		};
		932D87B624D1F550008BDF21 /* Release */ = {
			isa = XCBuildConfiguration;
			buildSettings = {
				ASSETCATALOG_COMPILER_APPICON_NAME = AppIcon;
				CODE_SIGN_STYLE = Automatic;
				INFOPLIST_FILE = Affinity_App/Info.plist;
				IPHONEOS_DEPLOYMENT_TARGET = 13.5;
				LD_RUNPATH_SEARCH_PATHS = (
					"$(inherited)",
					"@executable_path/Frameworks",
				);
				PRODUCT_BUNDLE_IDENTIFIER = "KWK.Affinity-App";
				PRODUCT_NAME = "$(TARGET_NAME)";
				SWIFT_VERSION = 5.0;
				TARGETED_DEVICE_FAMILY = "1,2";
			};
			name = Release;
		};
/* End XCBuildConfiguration section */

/* Begin XCConfigurationList section */
		932D879624D1F548008BDF21 /* Build configuration list for PBXProject "Affinity_App" */ = {
			isa = XCConfigurationList;
			buildConfigurations = (
				932D87B224D1F550008BDF21 /* Debug */,
				932D87B324D1F550008BDF21 /* Release */,
			);
			defaultConfigurationIsVisible = 0;
			defaultConfigurationName = Release;
		};
		932D87B424D1F550008BDF21 /* Build configuration list for PBXNativeTarget "Affinity_App" */ = {
			isa = XCConfigurationList;
			buildConfigurations = (
				932D87B524D1F550008BDF21 /* Debug */,
				932D87B624D1F550008BDF21 /* Release */,
			);
			defaultConfigurationIsVisible = 0;
			defaultConfigurationName = Release;
		};
/* End XCConfigurationList section */

/* Begin XCVersionGroup section */
		932D87A924D1F548008BDF21 /* Affinity_App.xcdatamodeld */ = {
			isa = XCVersionGroup;
			children = (
				932D87AA24D1F548008BDF21 /* Affinity_App.xcdatamodel */,
			);
			currentVersion = 932D87AA24D1F548008BDF21 /* Affinity_App.xcdatamodel */;
			path = Affinity_App.xcdatamodeld;
			sourceTree = "<group>";
			versionGroupType = wrapper.xcdatamodel;
		};
/* End XCVersionGroup section */
	};
	rootObject = 932D879324D1F548008BDF21 /* Project object */;
}
